
Microsoft Visual Studio Solution File, Format Version 12.00
# Visual Studio 14
VisualStudioVersion = 14.0.23107.0
MinimumVisualStudioVersion = 10.0.40219.1
Project("{FAE04EC0-301F-11D3-BF4B-00C04F79EFBC}") = "WpfApplication4", "WpfApplication4\WpfApplication4.csproj", "{50DC7CA0-AE78-4850-9C37-47759C47D39F}"
EndProject
Project("{6141683F-8A12-4E36-9623-2EB02B2C2303}") = "Setup1", "Setup1\Setup1.isproj", "{BAD45107-C385-44B1-A91D-54796C937458}"
EndProject
Project("{54435603-DBB4-11D2-8724-00A0C9A8B90C}") = "Setup2", "Setup2\Setup2.vdproj", "{F1ADED64-369C-45E5-8AC8-32451CB9E2BE}"
EndProject
Project("{FAE04EC0-301F-11D3-BF4B-00C04F79EFBC}") = "ClassLibrary1", "ClassLibrary1\ClassLibrary1.csproj", "{1FA04558-1B76-41B9-87EF-4C4025237150}"
EndProject
Global
	GlobalSection(SolutionConfigurationPlatforms) = preSolution
		CD_ROM|Any CPU = CD_ROM|Any CPU
		Debug|Any CPU = Debug|Any CPU
		DVD-5|Any CPU = DVD-5|Any CPU
		Release|Any CPU = Release|Any CPU
		SingleImage|Any CPU = SingleImage|Any CPU
	EndGlobalSection
	GlobalSection(ProjectConfigurationPlatforms) = postSolution
		{50DC7CA0-AE78-4850-9C37-47759C47D39F}.CD_ROM|Any CPU.ActiveCfg = Release|Any CPU
		{50DC7CA0-AE78-4850-9C37-47759C47D39F}.CD_ROM|Any CPU.Build.0 = Release|Any CPU
		{50DC7CA0-AE78-4850-9C37-47759C47D39F}.Debug|Any CPU.ActiveCfg = Debug|Any CPU
		{50DC7CA0-AE78-4850-9C37-47759C47D39F}.Debug|Any CPU.Build.0 = Debug|Any CPU
		{50DC7CA0-AE78-4850-9C37-47759C47D39F}.DVD-5|Any CPU.ActiveCfg = Debug|Any CPU
		{50DC7CA0-AE78-4850-9C37-47759C47D39F}.DVD-5|Any CPU.Build.0 = Debug|Any CPU
		{50DC7CA0-AE78-4850-9C37-47759C47D39F}.Release|Any CPU.ActiveCfg = Release|Any CPU
		{50DC7CA0-AE78-4850-9C37-47759C47D39F}.Release|Any CPU.Build.0 = Release|Any CPU
		{50DC7CA0-AE78-4850-9C37-47759C47D39F}.SingleImage|Any CPU.ActiveCfg = Release|Any CPU
		{50DC7CA0-AE78-4850-9C37-47759C47D39F}.SingleImage|Any CPU.Build.0 = Release|Any CPU
		{BAD45107-C385-44B1-A91D-54796C937458}.CD_ROM|Any CPU.ActiveCfg = CD_ROM
		{BAD45107-C385-44B1-A91D-54796C937458}.CD_ROM|Any CPU.Build.0 = CD_ROM
		{BAD45107-C385-44B1-A91D-54796C937458}.Debug|Any CPU.ActiveCfg = DVD-5
		{BAD45107-C385-44B1-A91D-54796C937458}.Debug|Any CPU.Build.0 = DVD-5
		{BAD45107-C385-44B1-A91D-54796C937458}.DVD-5|Any CPU.ActiveCfg = DVD-5
		{BAD45107-C385-44B1-A91D-54796C937458}.DVD-5|Any CPU.Build.0 = DVD-5
		{BAD45107-C385-44B1-A91D-54796C937458}.Release|Any CPU.ActiveCfg = SingleImage
		{BAD45107-C385-44B1-A91D-54796C937458}.Release|Any CPU.Build.0 = SingleImage
		{BAD45107-C385-44B1-A91D-54796C937458}.SingleImage|Any CPU.ActiveCfg = SingleImage
		{BAD45107-C385-44B1-A91D-54796C937458}.SingleImage|Any CPU.Build.0 = SingleImage
		{F1ADED64-369C-45E5-8AC8-32451CB9E2BE}.CD_ROM|Any CPU.ActiveCfg = Release
		{F1ADED64-369C-45E5-8AC8-32451CB9E2BE}.Debug|Any CPU.ActiveCfg = Debug
		{F1ADED64-369C-45E5-8AC8-32451CB9E2BE}.DVD-5|Any CPU.ActiveCfg = Debug
		{F1ADED64-369C-45E5-8AC8-32451CB9E2BE}.Release|Any CPU.ActiveCfg = Release
		{F1ADED64-369C-45E5-8AC8-32451CB9E2BE}.SingleImage|Any CPU.ActiveCfg = Release
		{1FA04558-1B76-41B9-87EF-4C4025237150}.CD_ROM|Any CPU.ActiveCfg = Release|Any CPU
		{1FA04558-1B76-41B9-87EF-4C4025237150}.CD_ROM|Any CPU.Build.0 = Release|Any CPU
		{1FA04558-1B76-41B9-87EF-4C4025237150}.Debug|Any CPU.ActiveCfg = Debug|Any CPU
		{1FA04558-1B76-41B9-87EF-4C4025237150}.Debug|Any CPU.Build.0 = Debug|Any CPU
		{1FA04558-1B76-41B9-87EF-4C4025237150}.DVD-5|Any CPU.ActiveCfg = Debug|Any CPU
		{1FA04558-1B76-41B9-87EF-4C4025237150}.DVD-5|Any CPU.Build.0 = Debug|Any CPU
		{1FA04558-1B76-41B9-87EF-4C4025237150}.Release|Any CPU.ActiveCfg = Release|Any CPU
		{1FA04558-1B76-41B9-87EF-4C4025237150}.Release|Any CPU.Build.0 = Release|Any CPU
		{1FA04558-1B76-41B9-87EF-4C4025237150}.SingleImage|Any CPU.ActiveCfg = Release|Any CPU
		{1FA04558-1B76-41B9-87EF-4C4025237150}.SingleImage|Any CPU.Build.0 = Release|Any CPU
	EndGlobalSection
	GlobalSection(SolutionProperties) = preSolution
		HideSolutionNode = FALSE
	EndGlobalSection
EndGlobal
